
Microsoft Visual Studio Solution File, Format Version 12.00
# Visual Studio Version 16
VisualStudioVersion = 16.0.31727.386
MinimumVisualStudioVersion = 10.0.40219.1
Project("{FAE04EC0-301F-11D3-BF4B-00C04F79EFBC}") = "Задача 6.3", "Задача 6.3.csproj", "{A8883A7F-4E1F-421D-BAB3-F6668EE5F003}"
EndProject
Global
	GlobalSection(SolutionConfigurationPlatforms) = preSolution
		Debug|Any CPU = Debug|Any CPU
		Release|Any CPU = Release|Any CPU
	EndGlobalSection
	GlobalSection(ProjectConfigurationPlatforms) = postSolution
		{A8883A7F-4E1F-421D-BAB3-F6668EE5F003}.Debug|Any CPU.ActiveCfg = Debug|Any CPU
		{A8883A7F-4E1F-421D-BAB3-F6668EE5F003}.Debug|Any CPU.Build.0 = Debug|Any CPU
		{A8883A7F-4E1F-421D-BAB3-F6668EE5F003}.Release|Any CPU.ActiveCfg = Release|Any CPU
		{A8883A7F-4E1F-421D-BAB3-F6668EE5F003}.Release|Any CPU.Build.0 = Release|Any CPU
	EndGlobalSection
	GlobalSection(SolutionProperties) = preSolution
		HideSolutionNode = FALSE
	EndGlobalSection
	GlobalSection(ExtensibilityGlobals) = postSolution
		SolutionGuid = {DB7ECCC1-A410-46AB-8FFB-681333E59DE2}
	EndGlobalSection
EndGlobal
